{
  "originHash" : "436599912c9c1ce1836f402d4bf3b699330818750da4cf0f5cce7f3fa782675e",
  "pins" : [
    {
      "identity" : "swift-http-types",
      "kind" : "remoteSourceControl",
      "location" : "https://github.com/apple/swift-http-types.git",
      "state" : {
        "revision" : "ef18d829e8b92d731ad27bb81583edd2094d1ce3",
        "version" : "1.3.1"
      }
    }
  ],
  "version" : 3
}
