// !$*UTF8*$!
{
	archiveVersion = 1;
	classes = {
	};
	objectVersion = 56;
	objects = {

/* Begin PBXBuildFile section */
		E31DDB062D2172CB00378213 /* EmojiUtilsApp.swift in Sources */ = {isa = PBXBuildFile; fileRef = E31DDB052D2172CB00378213 /* EmojiUtilsApp.swift */; };
		E31DDB082D2172CB00378213 /* ContentView.swift in Sources */ = {isa = PBXBuildFile; fileRef = E31DDB072D2172CB00378213 /* ContentView.swift */; };
		E31DDB232D21734200378213 /* Preview Assets.xcassets in Resources */ = {isa = PBXBuildFile; fileRef = E31DDB132D21734100378213 /* Preview Assets.xcassets */; };
		E31DDB242D21734200378213 /* VerifyEmojiView.swift in Sources */ = {isa = PBXBuildFile; fileRef = E31DDB152D21734100378213 /* VerifyEmojiView.swift */; };
		E31DDB252D21734200378213 /* UserView.swift in Sources */ = {isa = PBXBuildFile; fileRef = E31DDB162D21734100378213 /* UserView.swift */; };
		E31DDB262D21734200378213 /* ProofTimerView.swift in Sources */ = {isa = PBXBuildFile; fileRef = E31DDB172D21734100378213 /* ProofTimerView.swift */; };
		E31DDB272D21734200378213 /* IdentityCheckView.swift in Sources */ = {isa = PBXBuildFile; fileRef = E31DDB182D21734100378213 /* IdentityCheckView.swift */; };
		E31DDB282D21734200378213 /* BiometricAuthHelper.swift in Sources */ = {isa = PBXBuildFile; fileRef = E31DDB192D21734100378213 /* BiometricAuthHelper.swift */; };
		E31DDB292D21734200378213 /* rust-api.swift in Sources */ = {isa = PBXBuildFile; fileRef = E31DDB1A2D21734100378213 /* rust-api.swift */; };
		E31DDB2A2D21734200378213 /* KeychainHelper.swift in Sources */ = {isa = PBXBuildFile; fileRef = E31DDB1B2D21734100378213 /* KeychainHelper.swift */; };
		E31DDB2B2D21734200378213 /* LoginView.swift in Sources */ = {isa = PBXBuildFile; fileRef = E31DDB1C2D21734100378213 /* LoginView.swift */; };
		E31DDB2C2D21734200378213 /* Assets.xcassets in Resources */ = {isa = PBXBuildFile; fileRef = E31DDB1D2D21734200378213 /* Assets.xcassets */; };
		E31DDB2D2D21734200378213 /* Verify.swift in Sources */ = {isa = PBXBuildFile; fileRef = E31DDB1E2D21734200378213 /* Verify.swift */; };
		E31DDB2E2D21734200378213 /* AuthManager.swift in Sources */ = {isa = PBXBuildFile; fileRef = E31DDB1F2D21734200378213 /* AuthManager.swift */; };
		E31DDB302D21734200378213 /* HashmojiHelper.swift in Sources */ = {isa = PBXBuildFile; fileRef = E31DDB212D21734200378213 /* HashmojiHelper.swift */; };
		E31DDB312D21734200378213 /* Hash.swift in Sources */ = {isa = PBXBuildFile; fileRef = E31DDB222D21734200378213 /* Hash.swift */; };
		E31DDB342D21736D00378213 /* HTTPTypes in Frameworks */ = {isa = PBXBuildFile; productRef = E31DDB332D21736D00378213 /* HTTPTypes */; };
		E31DDB362D21736D00378213 /* HTTPTypesFoundation in Frameworks */ = {isa = PBXBuildFile; productRef = E31DDB352D21736D00378213 /* HTTPTypesFoundation */; };
/* End PBXBuildFile section */

/* Begin PBXFileReference section */
		E31DDB022D2172CB00378213 /* EmojiUtils.app */ = {isa = PBXFileReference; explicitFileType = wrapper.application; includeInIndex = 0; path = EmojiUtils.app; sourceTree = BUILT_PRODUCTS_DIR; };
		E31DDB052D2172CB00378213 /* EmojiUtilsApp.swift */ = {isa = PBXFileReference; lastKnownFileType = sourcecode.swift; path = EmojiUtilsApp.swift; sourceTree = "<group>"; };
		E31DDB072D2172CB00378213 /* ContentView.swift */ = {isa = PBXFileReference; lastKnownFileType = sourcecode.swift; path = ContentView.swift; sourceTree = "<group>"; };
		E31DDB132D21734100378213 /* Preview Assets.xcassets */ = {isa = PBXFileReference; lastKnownFileType = folder.assetcatalog; path = "Preview Assets.xcassets"; sourceTree = "<group>"; };
		E31DDB152D21734100378213 /* VerifyEmojiView.swift */ = {isa = PBXFileReference; fileEncoding = 4; lastKnownFileType = sourcecode.swift; path = VerifyEmojiView.swift; sourceTree = "<group>"; };
		E31DDB162D21734100378213 /* UserView.swift */ = {isa = PBXFileReference; fileEncoding = 4; lastKnownFileType = sourcecode.swift; path = UserView.swift; sourceTree = "<group>"; };
		E31DDB172D21734100378213 /* ProofTimerView.swift */ = {isa = PBXFileReference; fileEncoding = 4; lastKnownFileType = sourcecode.swift; path = ProofTimerView.swift; sourceTree = "<group>"; };
		E31DDB182D21734100378213 /* IdentityCheckView.swift */ = {isa = PBXFileReference; fileEncoding = 4; lastKnownFileType = sourcecode.swift; path = IdentityCheckView.swift; sourceTree = "<group>"; };
		E31DDB192D21734100378213 /* BiometricAuthHelper.swift */ = {isa = PBXFileReference; fileEncoding = 4; lastKnownFileType = sourcecode.swift; path = BiometricAuthHelper.swift; sourceTree = "<group>"; };
		E31DDB1A2D21734100378213 /* rust-api.swift */ = {isa = PBXFileReference; fileEncoding = 4; lastKnownFileType = sourcecode.swift; path = "rust-api.swift"; sourceTree = "<group>"; };
		E31DDB1B2D21734100378213 /* KeychainHelper.swift */ = {isa = PBXFileReference; fileEncoding = 4; lastKnownFileType = sourcecode.swift; path = KeychainHelper.swift; sourceTree = "<group>"; };
		E31DDB1C2D21734100378213 /* LoginView.swift */ = {isa = PBXFileReference; fileEncoding = 4; lastKnownFileType = sourcecode.swift; path = LoginView.swift; sourceTree = "<group>"; };
		E31DDB1D2D21734200378213 /* Assets.xcassets */ = {isa = PBXFileReference; lastKnownFileType = folder.assetcatalog; path = Assets.xcassets; sourceTree = "<group>"; };
		E31DDB1E2D21734200378213 /* Verify.swift */ = {isa = PBXFileReference; fileEncoding = 4; lastKnownFileType = sourcecode.swift; path = Verify.swift; sourceTree = "<group>"; };
		E31DDB1F2D21734200378213 /* AuthManager.swift */ = {isa = PBXFileReference; fileEncoding = 4; lastKnownFileType = sourcecode.swift; path = AuthManager.swift; sourceTree = "<group>"; };
		E31DDB212D21734200378213 /* HashmojiHelper.swift */ = {isa = PBXFileReference; fileEncoding = 4; lastKnownFileType = sourcecode.swift; path = HashmojiHelper.swift; sourceTree = "<group>"; };
		E31DDB222D21734200378213 /* Hash.swift */ = {isa = PBXFileReference; fileEncoding = 4; lastKnownFileType = sourcecode.swift; path = Hash.swift; sourceTree = "<group>"; };
		E31DDB372D21739D00378213 /* Info.plist */ = {isa = PBXFileReference; lastKnownFileType = text.plist; path = Info.plist; sourceTree = "<group>"; };
/* End PBXFileReference section */

/* Begin PBXFrameworksBuildPhase section */
		E31DDAFF2D2172CB00378213 /* Frameworks */ = {
			isa = PBXFrameworksBuildPhase;
			buildActionMask = 2147483647;
			files = (
				E31DDB342D21736D00378213 /* HTTPTypes in Frameworks */,
				E31DDB362D21736D00378213 /* HTTPTypesFoundation in Frameworks */,
			);
			runOnlyForDeploymentPostprocessing = 0;
		};
/* End PBXFrameworksBuildPhase section */

/* Begin PBXGroup section */
		E31DDAF92D2172CB00378213 = {
			isa = PBXGroup;
			children = (
				E31DDB042D2172CB00378213 /* EmojiUtils */,
				E31DDB032D2172CB00378213 /* Products */,
			);
			sourceTree = "<group>";
		};
		E31DDB032D2172CB00378213 /* Products */ = {
			isa = PBXGroup;
			children = (
				E31DDB022D2172CB00378213 /* EmojiUtils.app */,
			);
			name = Products;
			sourceTree = "<group>";
		};
		E31DDB042D2172CB00378213 /* EmojiUtils */ = {
			isa = PBXGroup;
			children = (
				E31DDB372D21739D00378213 /* Info.plist */,
				E31DDB1D2D21734200378213 /* Assets.xcassets */,
				E31DDB1F2D21734200378213 /* AuthManager.swift */,
				E31DDB192D21734100378213 /* BiometricAuthHelper.swift */,
				E31DDB222D21734200378213 /* Hash.swift */,
				E31DDB212D21734200378213 /* HashmojiHelper.swift */,
				E31DDB182D21734100378213 /* IdentityCheckView.swift */,
				E31DDB1B2D21734100378213 /* KeychainHelper.swift */,
				E31DDB1C2D21734100378213 /* LoginView.swift */,
				E31DDB142D21734100378213 /* Preview Content */,
				E31DDB172D21734100378213 /* ProofTimerView.swift */,
				E31DDB1A2D21734100378213 /* rust-api.swift */,
				E31DDB162D21734100378213 /* UserView.swift */,
				E31DDB1E2D21734200378213 /* Verify.swift */,
				E31DDB152D21734100378213 /* VerifyEmojiView.swift */,
				E31DDB052D2172CB00378213 /* EmojiUtilsApp.swift */,
				E31DDB072D2172CB00378213 /* ContentView.swift */,
			);
			path = EmojiUtils;
			sourceTree = "<group>";
		};
		E31DDB142D21734100378213 /* Preview Content */ = {
			isa = PBXGroup;
			children = (
				E31DDB132D21734100378213 /* Preview Assets.xcassets */,
			);
			path = "Preview Content";
			sourceTree = "<group>";
		};
/* End PBXGroup section */

/* Begin PBXNativeTarget section */
		E31DDB012D2172CB00378213 /* EmojiUtils */ = {
			isa = PBXNativeTarget;
			buildConfigurationList = E31DDB102D2172CD00378213 /* Build configuration list for PBXNativeTarget "EmojiUtils" */;
			buildPhases = (
				E31DDAFE2D2172CB00378213 /* Sources */,
				E31DDAFF2D2172CB00378213 /* Frameworks */,
				E31DDB002D2172CB00378213 /* Resources */,
			);
			buildRules = (
			);
			dependencies = (
			);
			name = EmojiUtils;
			packageProductDependencies = (
				E31DDB332D21736D00378213 /* HTTPTypes */,
				E31DDB352D21736D00378213 /* HTTPTypesFoundation */,
			);
			productName = EmojiUtils;
			productReference = E31DDB022D2172CB00378213 /* EmojiUtils.app */;
			productType = "com.apple.product-type.application";
		};
/* End PBXNativeTarget section */

/* Begin PBXProject section */
		E31DDAFA2D2172CB00378213 /* Project object */ = {
			isa = PBXProject;
			attributes = {
				BuildIndependentTargetsInParallel = 1;
				LastSwiftUpdateCheck = 1540;
				LastUpgradeCheck = 1540;
				TargetAttributes = {
					E31DDB012D2172CB00378213 = {
						CreatedOnToolsVersion = 15.4;
					};
				};
			};
			buildConfigurationList = E31DDAFD2D2172CB00378213 /* Build configuration list for PBXProject "EmojiUtils" */;
			compatibilityVersion = "Xcode 14.0";
			developmentRegion = en;
			hasScannedForEncodings = 0;
			knownRegions = (
				en,
				Base,
			);
			mainGroup = E31DDAF92D2172CB00378213;
			packageReferences = (
				E31DDB322D21736D00378213 /* XCRemoteSwiftPackageReference "swift-http-types" */,
			);
			productRefGroup = E31DDB032D2172CB00378213 /* Products */;
			projectDirPath = "";
			projectRoot = "";
			targets = (
				E31DDB012D2172CB00378213 /* EmojiUtils */,
			);
		};
/* End PBXProject section */

/* Begin PBXResourcesBuildPhase section */
		E31DDB002D2172CB00378213 /* Resources */ = {
			isa = PBXResourcesBuildPhase;
			buildActionMask = 2147483647;
			files = (
				E31DDB2C2D21734200378213 /* Assets.xcassets in Resources */,
				E31DDB232D21734200378213 /* Preview Assets.xcassets in Resources */,
			);
			runOnlyForDeploymentPostprocessing = 0;
		};
/* End PBXResourcesBuildPhase section */

/* Begin PBXSourcesBuildPhase section */
		E31DDAFE2D2172CB00378213 /* Sources */ = {
			isa = PBXSourcesBuildPhase;
			buildActionMask = 2147483647;
			files = (
				E31DDB2D2D21734200378213 /* Verify.swift in Sources */,
				E31DDB2E2D21734200378213 /* AuthManager.swift in Sources */,
				E31DDB082D2172CB00378213 /* ContentView.swift in Sources */,
				E31DDB062D2172CB00378213 /* EmojiUtilsApp.swift in Sources */,
				E31DDB262D21734200378213 /* ProofTimerView.swift in Sources */,
				E31DDB272D21734200378213 /* IdentityCheckView.swift in Sources */,
				E31DDB2A2D21734200378213 /* KeychainHelper.swift in Sources */,
				E31DDB302D21734200378213 /* HashmojiHelper.swift in Sources */,
				E31DDB242D21734200378213 /* VerifyEmojiView.swift in Sources */,
				E31DDB282D21734200378213 /* BiometricAuthHelper.swift in Sources */,
				E31DDB292D21734200378213 /* rust-api.swift in Sources */,
				E31DDB2B2D21734200378213 /* LoginView.swift in Sources */,
				E31DDB252D21734200378213 /* UserView.swift in Sources */,
				E31DDB312D21734200378213 /* Hash.swift in Sources */,
			);
			runOnlyForDeploymentPostprocessing = 0;
		};
/* End PBXSourcesBuildPhase section */

/* Begin XCBuildConfiguration section */
		E31DDB0E2D2172CD00378213 /* Debug */ = {
			isa = XCBuildConfiguration;
			buildSettings = {
				ALWAYS_SEARCH_USER_PATHS = NO;
				ASSETCATALOG_COMPILER_GENERATE_SWIFT_ASSET_SYMBOL_EXTENSIONS = YES;
				CLANG_ANALYZER_NONNULL = YES;
				CLANG_ANALYZER_NUMBER_OBJECT_CONVERSION = YES_AGGRESSIVE;
				CLANG_CXX_LANGUAGE_STANDARD = "gnu++20";
				CLANG_ENABLE_MODULES = YES;
				CLANG_ENABLE_OBJC_ARC = YES;
				CLANG_ENABLE_OBJC_WEAK = YES;
				CLANG_WARN_BLOCK_CAPTURE_AUTORELEASING = YES;
				CLANG_WARN_BOOL_CONVERSION = YES;
				CLANG_WARN_COMMA = YES;
				CLANG_WARN_CONSTANT_CONVERSION = YES;
				CLANG_WARN_DEPRECATED_OBJC_IMPLEMENTATIONS = YES;
				CLANG_WARN_DIRECT_OBJC_ISA_USAGE = YES_ERROR;
				CLANG_WARN_DOCUMENTATION_COMMENTS = YES;
				CLANG_WARN_EMPTY_BODY = YES;
				CLANG_WARN_ENUM_CONVERSION = YES;
				CLANG_WARN_INFINITE_RECURSION = YES;
				CLANG_WARN_INT_CONVERSION = YES;
				CLANG_WARN_NON_LITERAL_NULL_CONVERSION = YES;
				CLANG_WARN_OBJC_IMPLICIT_RETAIN_SELF = YES;
				CLANG_WARN_OBJC_LITERAL_CONVERSION = YES;
				CLANG_WARN_OBJC_ROOT_CLASS = YES_ERROR;
				CLANG_WARN_QUOTED_INCLUDE_IN_FRAMEWORK_HEADER = YES;
				CLANG_WARN_RANGE_LOOP_ANALYSIS = YES;
				CLANG_WARN_STRICT_PROTOTYPES = YES;
				CLANG_WARN_SUSPICIOUS_MOVE = YES;
				CLANG_WARN_UNGUARDED_AVAILABILITY = YES_AGGRESSIVE;
				CLANG_WARN_UNREACHABLE_CODE = YES;
				CLANG_WARN__DUPLICATE_METHOD_MATCH = YES;
				COPY_PHASE_STRIP = NO;
				DEBUG_INFORMATION_FORMAT = dwarf;
				ENABLE_STRICT_OBJC_MSGSEND = YES;
				ENABLE_TESTABILITY = YES;
				ENABLE_USER_SCRIPT_SANDBOXING = YES;
				GCC_C_LANGUAGE_STANDARD = gnu17;
				GCC_DYNAMIC_NO_PIC = NO;
				GCC_NO_COMMON_BLOCKS = YES;
				GCC_OPTIMIZATION_LEVEL = 0;
				GCC_PREPROCESSOR_DEFINITIONS = (
					"DEBUG=1",
					"$(inherited)",
				);
				GCC_WARN_64_TO_32_BIT_CONVERSION = YES;
				GCC_WARN_ABOUT_RETURN_TYPE = YES_ERROR;
				GCC_WARN_UNDECLARED_SELECTOR = YES;
				GCC_WARN_UNINITIALIZED_AUTOS = YES_AGGRESSIVE;
				GCC_WARN_UNUSED_FUNCTION = YES;
				GCC_WARN_UNUSED_VARIABLE = YES;
				IPHONEOS_DEPLOYMENT_TARGET = 17.5;
				LOCALIZATION_PREFERS_STRING_CATALOGS = YES;
				MTL_ENABLE_DEBUG_INFO = INCLUDE_SOURCE;
				MTL_FAST_MATH = YES;
				ONLY_ACTIVE_ARCH = YES;
				SDKROOT = iphoneos;
				SWIFT_ACTIVE_COMPILATION_CONDITIONS = "DEBUG $(inherited)";
				SWIFT_OPTIMIZATION_LEVEL = "-Onone";
			};
			name = Debug;
		};
		E31DDB0F2D2172CD00378213 /* Release */ = {
			isa = XCBuildConfiguration;
			buildSettings = {
				ALWAYS_SEARCH_USER_PATHS = NO;
				ASSETCATALOG_COMPILER_GENERATE_SWIFT_ASSET_SYMBOL_EXTENSIONS = YES;
				CLANG_ANALYZER_NONNULL = YES;
				CLANG_ANALYZER_NUMBER_OBJECT_CONVERSION = YES_AGGRESSIVE;
				CLANG_CXX_LANGUAGE_STANDARD = "gnu++20";
				CLANG_ENABLE_MODULES = YES;
				CLANG_ENABLE_OBJC_ARC = YES;
				CLANG_ENABLE_OBJC_WEAK = YES;
				CLANG_WARN_BLOCK_CAPTURE_AUTORELEASING = YES;
				CLANG_WARN_BOOL_CONVERSION = YES;
				CLANG_WARN_COMMA = YES;
				CLANG_WARN_CONSTANT_CONVERSION = YES;
				CLANG_WARN_DEPRECATED_OBJC_IMPLEMENTATIONS = YES;
				CLANG_WARN_DIRECT_OBJC_ISA_USAGE = YES_ERROR;
				CLANG_WARN_DOCUMENTATION_COMMENTS = YES;
				CLANG_WARN_EMPTY_BODY = YES;
				CLANG_WARN_ENUM_CONVERSION = YES;
				CLANG_WARN_INFINITE_RECURSION = YES;
				CLANG_WARN_INT_CONVERSION = YES;
				CLANG_WARN_NON_LITERAL_NULL_CONVERSION = YES;
				CLANG_WARN_OBJC_IMPLICIT_RETAIN_SELF = YES;
				CLANG_WARN_OBJC_LITERAL_CONVERSION = YES;
				CLANG_WARN_OBJC_ROOT_CLASS = YES_ERROR;
				CLANG_WARN_QUOTED_INCLUDE_IN_FRAMEWORK_HEADER = YES;
				CLANG_WARN_RANGE_LOOP_ANALYSIS = YES;
				CLANG_WARN_STRICT_PROTOTYPES = YES;
				CLANG_WARN_SUSPICIOUS_MOVE = YES;
				CLANG_WARN_UNGUARDED_AVAILABILITY = YES_AGGRESSIVE;
				CLANG_WARN_UNREACHABLE_CODE = YES;
				CLANG_WARN__DUPLICATE_METHOD_MATCH = YES;
				COPY_PHASE_STRIP = NO;
				DEBUG_INFORMATION_FORMAT = "dwarf-with-dsym";
				ENABLE_NS_ASSERTIONS = NO;
				ENABLE_STRICT_OBJC_MSGSEND = YES;
				ENABLE_USER_SCRIPT_SANDBOXING = YES;
				GCC_C_LANGUAGE_STANDARD = gnu17;
				GCC_NO_COMMON_BLOCKS = YES;
				GCC_WARN_64_TO_32_BIT_CONVERSION = YES;
				GCC_WARN_ABOUT_RETURN_TYPE = YES_ERROR;
				GCC_WARN_UNDECLARED_SELECTOR = YES;
				GCC_WARN_UNINITIALIZED_AUTOS = YES_AGGRESSIVE;
				GCC_WARN_UNUSED_FUNCTION = YES;
				GCC_WARN_UNUSED_VARIABLE = YES;
				IPHONEOS_DEPLOYMENT_TARGET = 17.5;
				LOCALIZATION_PREFERS_STRING_CATALOGS = YES;
				MTL_ENABLE_DEBUG_INFO = NO;
				MTL_FAST_MATH = YES;
				SDKROOT = iphoneos;
				SWIFT_COMPILATION_MODE = wholemodule;
				VALIDATE_PRODUCT = YES;
			};
			name = Release;
		};
		E31DDB112D2172CD00378213 /* Debug */ = {
			isa = XCBuildConfiguration;
			buildSettings = {
				ASSETCATALOG_COMPILER_APPICON_NAME = AppIcon;
				ASSETCATALOG_COMPILER_GLOBAL_ACCENT_COLOR_NAME = AccentColor;
				CODE_SIGN_STYLE = Automatic;
				CURRENT_PROJECT_VERSION = 1;
				DEVELOPMENT_ASSET_PATHS = "\"EmojiUtils/Preview Content\"";
				DEVELOPMENT_TEAM = QTVMDTN87B;
				ENABLE_PREVIEWS = YES;
				GENERATE_INFOPLIST_FILE = YES;
				INFOPLIST_FILE = EmojiUtils/Info.plist;
				INFOPLIST_KEY_UIApplicationSceneManifest_Generation = YES;
				INFOPLIST_KEY_UIApplicationSupportsIndirectInputEvents = YES;
				INFOPLIST_KEY_UILaunchScreen_Generation = YES;
				INFOPLIST_KEY_UISupportedInterfaceOrientations_iPad = "UIInterfaceOrientationPortrait UIInterfaceOrientationPortraitUpsideDown UIInterfaceOrientationLandscapeLeft UIInterfaceOrientationLandscapeRight";
				INFOPLIST_KEY_UISupportedInterfaceOrientations_iPhone = "UIInterfaceOrientationPortrait UIInterfaceOrientationLandscapeLeft UIInterfaceOrientationLandscapeRight";
				LD_RUNPATH_SEARCH_PATHS = (
					"$(inherited)",
					"@executable_path/Frameworks",
				);
				MARKETING_VERSION = 1.0;
				PRODUCT_BUNDLE_IDENTIFIER = gh.nichokas.EmojiUtils;
				PRODUCT_NAME = "$(TARGET_NAME)";
				SWIFT_EMIT_LOC_STRINGS = YES;
				SWIFT_VERSION = 5.0;
				TARGETED_DEVICE_FAMILY = "1,2";
			};
			name = Debug;
		};
		E31DDB122D2172CD00378213 /* Release */ = {
			isa = XCBuildConfiguration;
			buildSettings = {
				ASSETCATALOG_COMPILER_APPICON_NAME = AppIcon;
				ASSETCATALOG_COMPILER_GLOBAL_ACCENT_COLOR_NAME = AccentColor;
				CODE_SIGN_STYLE = Automatic;
				CURRENT_PROJECT_VERSION = 1;
				DEVELOPMENT_ASSET_PATHS = "\"EmojiUtils/Preview Content\"";
				DEVELOPMENT_TEAM = QTVMDTN87B;
				ENABLE_PREVIEWS = YES;
				GENERATE_INFOPLIST_FILE = YES;
				INFOPLIST_FILE = EmojiUtils/Info.plist;
				INFOPLIST_KEY_UIApplicationSceneManifest_Generation = YES;
				INFOPLIST_KEY_UIApplicationSupportsIndirectInputEvents = YES;
				INFOPLIST_KEY_UILaunchScreen_Generation = YES;
				INFOPLIST_KEY_UISupportedInterfaceOrientations_iPad = "UIInterfaceOrientationPortrait UIInterfaceOrientationPortraitUpsideDown UIInterfaceOrientationLandscapeLeft UIInterfaceOrientationLandscapeRight";
				INFOPLIST_KEY_UISupportedInterfaceOrientations_iPhone = "UIInterfaceOrientationPortrait UIInterfaceOrientationLandscapeLeft UIInterfaceOrientationLandscapeRight";
				LD_RUNPATH_SEARCH_PATHS = (
					"$(inherited)",
					"@executable_path/Frameworks",
				);
				MARKETING_VERSION = 1.0;
				PRODUCT_BUNDLE_IDENTIFIER = gh.nichokas.EmojiUtils;
				PRODUCT_NAME = "$(TARGET_NAME)";
				SWIFT_EMIT_LOC_STRINGS = YES;
				SWIFT_VERSION = 5.0;
				TARGETED_DEVICE_FAMILY = "1,2";
			};
			name = Release;
		};
/* End XCBuildConfiguration section */

/* Begin XCConfigurationList section */
		E31DDAFD2D2172CB00378213 /* Build configuration list for PBXProject "EmojiUtils" */ = {
			isa = XCConfigurationList;
			buildConfigurations = (
				E31DDB0E2D2172CD00378213 /* Debug */,
				E31DDB0F2D2172CD00378213 /* Release */,
			);
			defaultConfigurationIsVisible = 0;
			defaultConfigurationName = Release;
		};
		E31DDB102D2172CD00378213 /* Build configuration list for PBXNativeTarget "EmojiUtils" */ = {
			isa = XCConfigurationList;
			buildConfigurations = (
				E31DDB112D2172CD00378213 /* Debug */,
				E31DDB122D2172CD00378213 /* Release */,
			);
			defaultConfigurationIsVisible = 0;
			defaultConfigurationName = Release;
		};
/* End XCConfigurationList section */

/* Begin XCRemoteSwiftPackageReference section */
		E31DDB322D21736D00378213 /* XCRemoteSwiftPackageReference "swift-http-types" */ = {
			isa = XCRemoteSwiftPackageReference;
			repositoryURL = "https://github.com/apple/swift-http-types.git";
			requirement = {
				kind = upToNextMajorVersion;
				minimumVersion = 1.3.1;
			};
		};
/* End XCRemoteSwiftPackageReference section */

/* Begin XCSwiftPackageProductDependency section */
		E31DDB332D21736D00378213 /* HTTPTypes */ = {
			isa = XCSwiftPackageProductDependency;
			package = E31DDB322D21736D00378213 /* XCRemoteSwiftPackageReference "swift-http-types" */;
			productName = HTTPTypes;
		};
		E31DDB352D21736D00378213 /* HTTPTypesFoundation */ = {
			isa = XCSwiftPackageProductDependency;
			package = E31DDB322D21736D00378213 /* XCRemoteSwiftPackageReference "swift-http-types" */;
			productName = HTTPTypesFoundation;
		};
/* End XCSwiftPackageProductDependency section */
	};
	rootObject = E31DDAFA2D2172CB00378213 /* Project object */;
}
