// !$*UTF8*$!
{
	archiveVersion = 1;
	classes = {
	};
	objectVersion = 56;
	objects = {

/* Begin PBXBuildFile section */
		E300563D2D178E38001E523B /* IdentityCheckView.swift in Sources */ = {isa = PBXBuildFile; fileRef = E300563C2D178E38001E523B /* IdentityCheckView.swift */; };
		E31939342D14D82400B0793C /* LoginView.swift in Sources */ = {isa = PBXBuildFile; fileRef = E31939332D14D82400B0793C /* LoginView.swift */; };
		E31A099B2D16D13B00B8CB32 /* KeychainHelper.swift in Sources */ = {isa = PBXBuildFile; fileRef = E31A099A2D16D13B00B8CB32 /* KeychainHelper.swift */; };
		E332D5582D15E3F500BE4C5E /* UserView.swift in Sources */ = {isa = PBXBuildFile; fileRef = E332D5572D15E3F500BE4C5E /* UserView.swift */; };
		E347B89A2D180A4A00017227 /* AuthManager.swift in Sources */ = {isa = PBXBuildFile; fileRef = E347B8992D180A4A00017227 /* AuthManager.swift */; };
		E37CB5BB2D1B3D8D00F71E49 /* HTTPTypes in Frameworks */ = {isa = PBXBuildFile; productRef = E37CB5BA2D1B3D8D00F71E49 /* HTTPTypes */; };
		E37CB5BD2D1B3D8D00F71E49 /* HTTPTypesFoundation in Frameworks */ = {isa = PBXBuildFile; productRef = E37CB5BC2D1B3D8D00F71E49 /* HTTPTypesFoundation */; };
		E3B5ECBC2D11CECF00428BEF /* EmojiUtilsApp.swift in Sources */ = {isa = PBXBuildFile; fileRef = E3B5ECBB2D11CECF00428BEF /* EmojiUtilsApp.swift */; };
		E3B5ECBE2D11CECF00428BEF /* ContentView.swift in Sources */ = {isa = PBXBuildFile; fileRef = E3B5ECBD2D11CECF00428BEF /* ContentView.swift */; };
		E3B5ECC22D11CED100428BEF /* Assets.xcassets in Resources */ = {isa = PBXBuildFile; fileRef = E3B5ECC12D11CED100428BEF /* Assets.xcassets */; };
		E3B5ECC52D11CED100428BEF /* Preview Assets.xcassets in Resources */ = {isa = PBXBuildFile; fileRef = E3B5ECC42D11CED100428BEF /* Preview Assets.xcassets */; };
		E3B5ECCC2D11CF6100428BEF /* Hash.swift in Sources */ = {isa = PBXBuildFile; fileRef = E3B5ECCB2D11CF6100428BEF /* Hash.swift */; };
		E3B5ECCE2D11CF7F00428BEF /* Verify.swift in Sources */ = {isa = PBXBuildFile; fileRef = E3B5ECCD2D11CF7F00428BEF /* Verify.swift */; };
		E3F304852D160B4200B620A8 /* rust-api.swift in Sources */ = {isa = PBXBuildFile; fileRef = E3F304842D160B4200B620A8 /* rust-api.swift */; };
/* End PBXBuildFile section */

/* Begin PBXFileReference section */
		E300563C2D178E38001E523B /* IdentityCheckView.swift */ = {isa = PBXFileReference; lastKnownFileType = sourcecode.swift; path = IdentityCheckView.swift; sourceTree = "<group>"; };
		E31939332D14D82400B0793C /* LoginView.swift */ = {isa = PBXFileReference; lastKnownFileType = sourcecode.swift; path = LoginView.swift; sourceTree = "<group>"; };
		E31A099A2D16D13B00B8CB32 /* KeychainHelper.swift */ = {isa = PBXFileReference; lastKnownFileType = sourcecode.swift; path = KeychainHelper.swift; sourceTree = "<group>"; };
		E332D5572D15E3F500BE4C5E /* UserView.swift */ = {isa = PBXFileReference; lastKnownFileType = sourcecode.swift; path = UserView.swift; sourceTree = "<group>"; };
		E332D5592D15E6C900BE4C5E /* EmojiUtils.entitlements */ = {isa = PBXFileReference; lastKnownFileType = text.plist.entitlements; path = EmojiUtils.entitlements; sourceTree = "<group>"; };
		E347B8992D180A4A00017227 /* AuthManager.swift */ = {isa = PBXFileReference; fileEncoding = 4; lastKnownFileType = sourcecode.swift; path = AuthManager.swift; sourceTree = "<group>"; };
		E347B89F2D1829BC00017227 /* Info.plist */ = {isa = PBXFileReference; lastKnownFileType = text.plist; path = Info.plist; sourceTree = "<group>"; };
		E3B5ECB82D11CECF00428BEF /* EmojiUtils.app */ = {isa = PBXFileReference; explicitFileType = wrapper.application; includeInIndex = 0; path = EmojiUtils.app; sourceTree = BUILT_PRODUCTS_DIR; };
		E3B5ECBB2D11CECF00428BEF /* EmojiUtilsApp.swift */ = {isa = PBXFileReference; lastKnownFileType = sourcecode.swift; path = EmojiUtilsApp.swift; sourceTree = "<group>"; };
		E3B5ECBD2D11CECF00428BEF /* ContentView.swift */ = {isa = PBXFileReference; lastKnownFileType = sourcecode.swift; path = ContentView.swift; sourceTree = "<group>"; };
		E3B5ECC12D11CED100428BEF /* Assets.xcassets */ = {isa = PBXFileReference; lastKnownFileType = folder.assetcatalog; path = Assets.xcassets; sourceTree = "<group>"; };
		E3B5ECC42D11CED100428BEF /* Preview Assets.xcassets */ = {isa = PBXFileReference; lastKnownFileType = folder.assetcatalog; path = "Preview Assets.xcassets"; sourceTree = "<group>"; };
		E3B5ECCB2D11CF6100428BEF /* Hash.swift */ = {isa = PBXFileReference; lastKnownFileType = sourcecode.swift; path = Hash.swift; sourceTree = "<group>"; };
		E3B5ECCD2D11CF7F00428BEF /* Verify.swift */ = {isa = PBXFileReference; lastKnownFileType = sourcecode.swift; path = Verify.swift; sourceTree = "<group>"; };
		E3F304842D160B4200B620A8 /* rust-api.swift */ = {isa = PBXFileReference; lastKnownFileType = sourcecode.swift; path = "rust-api.swift"; sourceTree = "<group>"; };
/* End PBXFileReference section */

/* Begin PBXFrameworksBuildPhase section */
		E3B5ECB52D11CECF00428BEF /* Frameworks */ = {
			isa = PBXFrameworksBuildPhase;
			buildActionMask = 2147483647;
			files = (
				E37CB5BB2D1B3D8D00F71E49 /* HTTPTypes in Frameworks */,
				E37CB5BD2D1B3D8D00F71E49 /* HTTPTypesFoundation in Frameworks */,
			);
			runOnlyForDeploymentPostprocessing = 0;
		};
/* End PBXFrameworksBuildPhase section */

/* Begin PBXGroup section */
		E31A09942D16C54200B8CB32 /* Frameworks */ = {
			isa = PBXGroup;
			children = (
			);
			name = Frameworks;
			sourceTree = "<group>";
		};
		E3B5ECAF2D11CECE00428BEF = {
			isa = PBXGroup;
			children = (
				E3B5ECBA2D11CECF00428BEF /* EmojiUtils */,
				E3B5ECB92D11CECF00428BEF /* Products */,
				E31A09942D16C54200B8CB32 /* Frameworks */,
			);
			sourceTree = "<group>";
		};
		E3B5ECB92D11CECF00428BEF /* Products */ = {
			isa = PBXGroup;
			children = (
				E3B5ECB82D11CECF00428BEF /* EmojiUtils.app */,
			);
			name = Products;
			sourceTree = "<group>";
		};
		E3B5ECBA2D11CECF00428BEF /* EmojiUtils */ = {
			isa = PBXGroup;
			children = (
				E347B89F2D1829BC00017227 /* Info.plist */,
				E332D5592D15E6C900BE4C5E /* EmojiUtils.entitlements */,
				E3B5ECBB2D11CECF00428BEF /* EmojiUtilsApp.swift */,
				E3B5ECBD2D11CECF00428BEF /* ContentView.swift */,
				E3B5ECC12D11CED100428BEF /* Assets.xcassets */,
				E3B5ECC32D11CED100428BEF /* Preview Content */,
				E3B5ECCB2D11CF6100428BEF /* Hash.swift */,
				E3B5ECCD2D11CF7F00428BEF /* Verify.swift */,
				E31939332D14D82400B0793C /* LoginView.swift */,
				E332D5572D15E3F500BE4C5E /* UserView.swift */,
				E3F304842D160B4200B620A8 /* rust-api.swift */,
				E31A099A2D16D13B00B8CB32 /* KeychainHelper.swift */,
				E300563C2D178E38001E523B /* IdentityCheckView.swift */,
				E347B8992D180A4A00017227 /* AuthManager.swift */,
			);
			path = EmojiUtils;
			sourceTree = "<group>";
		};
		E3B5ECC32D11CED100428BEF /* Preview Content */ = {
			isa = PBXGroup;
			children = (
				E3B5ECC42D11CED100428BEF /* Preview Assets.xcassets */,
			);
			path = "Preview Content";
			sourceTree = "<group>";
		};
/* End PBXGroup section */

/* Begin PBXNativeTarget section */
		E3B5ECB72D11CECF00428BEF /* EmojiUtils */ = {
			isa = PBXNativeTarget;
			buildConfigurationList = E3B5ECC82D11CED100428BEF /* Build configuration list for PBXNativeTarget "EmojiUtils" */;
			buildPhases = (
				E3B5ECB42D11CECF00428BEF /* Sources */,
				E3B5ECB52D11CECF00428BEF /* Frameworks */,
				E3B5ECB62D11CECF00428BEF /* Resources */,
			);
			buildRules = (
			);
			dependencies = (
			);
			name = EmojiUtils;
			packageProductDependencies = (
				E37CB5BA2D1B3D8D00F71E49 /* HTTPTypes */,
				E37CB5BC2D1B3D8D00F71E49 /* HTTPTypesFoundation */,
			);
			productName = EmojiUtils;
			productReference = E3B5ECB82D11CECF00428BEF /* EmojiUtils.app */;
			productType = "com.apple.product-type.application";
		};
/* End PBXNativeTarget section */

/* Begin PBXProject section */
		E3B5ECB02D11CECE00428BEF /* Project object */ = {
			isa = PBXProject;
			attributes = {
				BuildIndependentTargetsInParallel = 1;
				LastSwiftUpdateCheck = 1540;
				LastUpgradeCheck = 1540;
				TargetAttributes = {
					E3B5ECB72D11CECF00428BEF = {
						CreatedOnToolsVersion = 15.4;
					};
				};
			};
			buildConfigurationList = E3B5ECB32D11CECE00428BEF /* Build configuration list for PBXProject "EmojiUtils" */;
			compatibilityVersion = "Xcode 14.0";
			developmentRegion = en;
			hasScannedForEncodings = 0;
			knownRegions = (
				en,
				Base,
			);
			mainGroup = E3B5ECAF2D11CECE00428BEF;
			packageReferences = (
				E31A09952D16C57E00B8CB32 /* XCRemoteSwiftPackageReference "swift-http-types" */,
			);
			productRefGroup = E3B5ECB92D11CECF00428BEF /* Products */;
			projectDirPath = "";
			projectRoot = "";
			targets = (
				E3B5ECB72D11CECF00428BEF /* EmojiUtils */,
			);
		};
/* End PBXProject section */

/* Begin PBXResourcesBuildPhase section */
		E3B5ECB62D11CECF00428BEF /* Resources */ = {
			isa = PBXResourcesBuildPhase;
			buildActionMask = 2147483647;
			files = (
				E3B5ECC52D11CED100428BEF /* Preview Assets.xcassets in Resources */,
				E3B5ECC22D11CED100428BEF /* Assets.xcassets in Resources */,
			);
			runOnlyForDeploymentPostprocessing = 0;
		};
/* End PBXResourcesBuildPhase section */

/* Begin PBXSourcesBuildPhase section */
		E3B5ECB42D11CECF00428BEF /* Sources */ = {
			isa = PBXSourcesBuildPhase;
			buildActionMask = 2147483647;
			files = (
				E3B5ECCE2D11CF7F00428BEF /* Verify.swift in Sources */,
				E3F304852D160B4200B620A8 /* rust-api.swift in Sources */,
				E3B5ECBE2D11CECF00428BEF /* ContentView.swift in Sources */,
				E31A099B2D16D13B00B8CB32 /* KeychainHelper.swift in Sources */,
				E300563D2D178E38001E523B /* IdentityCheckView.swift in Sources */,
				E3B5ECCC2D11CF6100428BEF /* Hash.swift in Sources */,
				E31939342D14D82400B0793C /* LoginView.swift in Sources */,
				E3B5ECBC2D11CECF00428BEF /* EmojiUtilsApp.swift in Sources */,
				E332D5582D15E3F500BE4C5E /* UserView.swift in Sources */,
				E347B89A2D180A4A00017227 /* AuthManager.swift in Sources */,
			);
			runOnlyForDeploymentPostprocessing = 0;
		};
/* End PBXSourcesBuildPhase section */

/* Begin XCBuildConfiguration section */
		E3B5ECC62D11CED100428BEF /* Debug */ = {
			isa = XCBuildConfiguration;
			buildSettings = {
				ALWAYS_SEARCH_USER_PATHS = NO;
				ASSETCATALOG_COMPILER_GENERATE_SWIFT_ASSET_SYMBOL_EXTENSIONS = YES;
				CLANG_ANALYZER_NONNULL = YES;
				CLANG_ANALYZER_NUMBER_OBJECT_CONVERSION = YES_AGGRESSIVE;
				CLANG_CXX_LANGUAGE_STANDARD = "gnu++20";
				CLANG_ENABLE_MODULES = YES;
				CLANG_ENABLE_OBJC_ARC = YES;
				CLANG_ENABLE_OBJC_WEAK = YES;
				CLANG_WARN_BLOCK_CAPTURE_AUTORELEASING = YES;
				CLANG_WARN_BOOL_CONVERSION = YES;
				CLANG_WARN_COMMA = YES;
				CLANG_WARN_CONSTANT_CONVERSION = YES;
				CLANG_WARN_DEPRECATED_OBJC_IMPLEMENTATIONS = YES;
				CLANG_WARN_DIRECT_OBJC_ISA_USAGE = YES_ERROR;
				CLANG_WARN_DOCUMENTATION_COMMENTS = YES;
				CLANG_WARN_EMPTY_BODY = YES;
				CLANG_WARN_ENUM_CONVERSION = YES;
				CLANG_WARN_INFINITE_RECURSION = YES;
				CLANG_WARN_INT_CONVERSION = YES;
				CLANG_WARN_NON_LITERAL_NULL_CONVERSION = YES;
				CLANG_WARN_OBJC_IMPLICIT_RETAIN_SELF = YES;
				CLANG_WARN_OBJC_LITERAL_CONVERSION = YES;
				CLANG_WARN_OBJC_ROOT_CLASS = YES_ERROR;
				CLANG_WARN_QUOTED_INCLUDE_IN_FRAMEWORK_HEADER = YES;
				CLANG_WARN_RANGE_LOOP_ANALYSIS = YES;
				CLANG_WARN_STRICT_PROTOTYPES = YES;
				CLANG_WARN_SUSPICIOUS_MOVE = YES;
				CLANG_WARN_UNGUARDED_AVAILABILITY = YES_AGGRESSIVE;
				CLANG_WARN_UNREACHABLE_CODE = YES;
				CLANG_WARN__DUPLICATE_METHOD_MATCH = YES;
				COPY_PHASE_STRIP = NO;
				DEBUG_INFORMATION_FORMAT = dwarf;
				ENABLE_STRICT_OBJC_MSGSEND = YES;
				ENABLE_TESTABILITY = YES;
				ENABLE_USER_SCRIPT_SANDBOXING = YES;
				GCC_C_LANGUAGE_STANDARD = gnu17;
				GCC_DYNAMIC_NO_PIC = NO;
				GCC_NO_COMMON_BLOCKS = YES;
				GCC_OPTIMIZATION_LEVEL = 0;
				GCC_PREPROCESSOR_DEFINITIONS = (
					"DEBUG=1",
					"$(inherited)",
				);
				GCC_WARN_64_TO_32_BIT_CONVERSION = YES;
				GCC_WARN_ABOUT_RETURN_TYPE = YES_ERROR;
				GCC_WARN_UNDECLARED_SELECTOR = YES;
				GCC_WARN_UNINITIALIZED_AUTOS = YES_AGGRESSIVE;
				GCC_WARN_UNUSED_FUNCTION = YES;
				GCC_WARN_UNUSED_VARIABLE = YES;
				IPHONEOS_DEPLOYMENT_TARGET = 17.5;
				LOCALIZATION_PREFERS_STRING_CATALOGS = YES;
				MTL_ENABLE_DEBUG_INFO = INCLUDE_SOURCE;
				MTL_FAST_MATH = YES;
				ONLY_ACTIVE_ARCH = YES;
				SDKROOT = iphoneos;
				SWIFT_ACTIVE_COMPILATION_CONDITIONS = "DEBUG $(inherited)";
				SWIFT_OPTIMIZATION_LEVEL = "-Onone";
			};
			name = Debug;
		};
		E3B5ECC72D11CED100428BEF /* Release */ = {
			isa = XCBuildConfiguration;
			buildSettings = {
				ALWAYS_SEARCH_USER_PATHS = NO;
				ASSETCATALOG_COMPILER_GENERATE_SWIFT_ASSET_SYMBOL_EXTENSIONS = YES;
				CLANG_ANALYZER_NONNULL = YES;
				CLANG_ANALYZER_NUMBER_OBJECT_CONVERSION = YES_AGGRESSIVE;
				CLANG_CXX_LANGUAGE_STANDARD = "gnu++20";
				CLANG_ENABLE_MODULES = YES;
				CLANG_ENABLE_OBJC_ARC = YES;
				CLANG_ENABLE_OBJC_WEAK = YES;
				CLANG_WARN_BLOCK_CAPTURE_AUTORELEASING = YES;
				CLANG_WARN_BOOL_CONVERSION = YES;
				CLANG_WARN_COMMA = YES;
				CLANG_WARN_CONSTANT_CONVERSION = YES;
				CLANG_WARN_DEPRECATED_OBJC_IMPLEMENTATIONS = YES;
				CLANG_WARN_DIRECT_OBJC_ISA_USAGE = YES_ERROR;
				CLANG_WARN_DOCUMENTATION_COMMENTS = YES;
				CLANG_WARN_EMPTY_BODY = YES;
				CLANG_WARN_ENUM_CONVERSION = YES;
				CLANG_WARN_INFINITE_RECURSION = YES;
				CLANG_WARN_INT_CONVERSION = YES;
				CLANG_WARN_NON_LITERAL_NULL_CONVERSION = YES;
				CLANG_WARN_OBJC_IMPLICIT_RETAIN_SELF = YES;
				CLANG_WARN_OBJC_LITERAL_CONVERSION = YES;
				CLANG_WARN_OBJC_ROOT_CLASS = YES_ERROR;
				CLANG_WARN_QUOTED_INCLUDE_IN_FRAMEWORK_HEADER = YES;
				CLANG_WARN_RANGE_LOOP_ANALYSIS = YES;
				CLANG_WARN_STRICT_PROTOTYPES = YES;
				CLANG_WARN_SUSPICIOUS_MOVE = YES;
				CLANG_WARN_UNGUARDED_AVAILABILITY = YES_AGGRESSIVE;
				CLANG_WARN_UNREACHABLE_CODE = YES;
				CLANG_WARN__DUPLICATE_METHOD_MATCH = YES;
				COPY_PHASE_STRIP = NO;
				DEBUG_INFORMATION_FORMAT = "dwarf-with-dsym";
				ENABLE_NS_ASSERTIONS = NO;
				ENABLE_STRICT_OBJC_MSGSEND = YES;
				ENABLE_USER_SCRIPT_SANDBOXING = YES;
				GCC_C_LANGUAGE_STANDARD = gnu17;
				GCC_NO_COMMON_BLOCKS = YES;
				GCC_WARN_64_TO_32_BIT_CONVERSION = YES;
				GCC_WARN_ABOUT_RETURN_TYPE = YES_ERROR;
				GCC_WARN_UNDECLARED_SELECTOR = YES;
				GCC_WARN_UNINITIALIZED_AUTOS = YES_AGGRESSIVE;
				GCC_WARN_UNUSED_FUNCTION = YES;
				GCC_WARN_UNUSED_VARIABLE = YES;
				IPHONEOS_DEPLOYMENT_TARGET = 17.5;
				LOCALIZATION_PREFERS_STRING_CATALOGS = YES;
				MTL_ENABLE_DEBUG_INFO = NO;
				MTL_FAST_MATH = YES;
				SDKROOT = iphoneos;
				SWIFT_COMPILATION_MODE = wholemodule;
				VALIDATE_PRODUCT = YES;
			};
			name = Release;
		};
		E3B5ECC92D11CED100428BEF /* Debug */ = {
			isa = XCBuildConfiguration;
			buildSettings = {
				ASSETCATALOG_COMPILER_APPICON_NAME = AppIcon;
				ASSETCATALOG_COMPILER_GLOBAL_ACCENT_COLOR_NAME = AccentColor;
				CODE_SIGN_ENTITLEMENTS = EmojiUtils/EmojiUtils.entitlements;
				CODE_SIGN_STYLE = Automatic;
				CURRENT_PROJECT_VERSION = 1;
				DEVELOPMENT_ASSET_PATHS = "\"EmojiUtils/Preview Content\"";
				DEVELOPMENT_TEAM = P6PV2R9443;
				ENABLE_PREVIEWS = YES;
				GENERATE_INFOPLIST_FILE = YES;
				INFOPLIST_FILE = EmojiUtils/Info.plist;
				INFOPLIST_KEY_UIApplicationSceneManifest_Generation = YES;
				INFOPLIST_KEY_UIApplicationSupportsIndirectInputEvents = YES;
				INFOPLIST_KEY_UILaunchScreen_Generation = YES;
				INFOPLIST_KEY_UISupportedInterfaceOrientations_iPad = "UIInterfaceOrientationPortrait UIInterfaceOrientationPortraitUpsideDown UIInterfaceOrientationLandscapeLeft UIInterfaceOrientationLandscapeRight";
				INFOPLIST_KEY_UISupportedInterfaceOrientations_iPhone = "UIInterfaceOrientationPortrait UIInterfaceOrientationLandscapeLeft UIInterfaceOrientationLandscapeRight";
				LD_RUNPATH_SEARCH_PATHS = (
					"$(inherited)",
					"@executable_path/Frameworks",
				);
				MARKETING_VERSION = 1.0;
				PRODUCT_BUNDLE_IDENTIFIER = nk.EmojiUtils;
				PRODUCT_NAME = "$(TARGET_NAME)";
				SUPPORTED_PLATFORMS = "iphoneos iphonesimulator";
				SUPPORTS_MACCATALYST = NO;
				SUPPORTS_XR_DESIGNED_FOR_IPHONE_IPAD = NO;
				SWIFT_EMIT_LOC_STRINGS = YES;
				SWIFT_VERSION = 5.0;
				TARGETED_DEVICE_FAMILY = "1,2";
			};
			name = Debug;
		};
		E3B5ECCA2D11CED100428BEF /* Release */ = {
			isa = XCBuildConfiguration;
			buildSettings = {
				ASSETCATALOG_COMPILER_APPICON_NAME = AppIcon;
				ASSETCATALOG_COMPILER_GLOBAL_ACCENT_COLOR_NAME = AccentColor;
				CODE_SIGN_ENTITLEMENTS = EmojiUtils/EmojiUtils.entitlements;
				CODE_SIGN_STYLE = Automatic;
				CURRENT_PROJECT_VERSION = 1;
				DEVELOPMENT_ASSET_PATHS = "\"EmojiUtils/Preview Content\"";
				DEVELOPMENT_TEAM = P6PV2R9443;
				ENABLE_PREVIEWS = YES;
				GENERATE_INFOPLIST_FILE = YES;
				INFOPLIST_FILE = EmojiUtils/Info.plist;
				INFOPLIST_KEY_UIApplicationSceneManifest_Generation = YES;
				INFOPLIST_KEY_UIApplicationSupportsIndirectInputEvents = YES;
				INFOPLIST_KEY_UILaunchScreen_Generation = YES;
				INFOPLIST_KEY_UISupportedInterfaceOrientations_iPad = "UIInterfaceOrientationPortrait UIInterfaceOrientationPortraitUpsideDown UIInterfaceOrientationLandscapeLeft UIInterfaceOrientationLandscapeRight";
				INFOPLIST_KEY_UISupportedInterfaceOrientations_iPhone = "UIInterfaceOrientationPortrait UIInterfaceOrientationLandscapeLeft UIInterfaceOrientationLandscapeRight";
				LD_RUNPATH_SEARCH_PATHS = (
					"$(inherited)",
					"@executable_path/Frameworks",
				);
				MARKETING_VERSION = 1.0;
				PRODUCT_BUNDLE_IDENTIFIER = nk.EmojiUtils;
				PRODUCT_NAME = "$(TARGET_NAME)";
				SUPPORTED_PLATFORMS = "iphoneos iphonesimulator";
				SUPPORTS_MACCATALYST = NO;
				SUPPORTS_XR_DESIGNED_FOR_IPHONE_IPAD = NO;
				SWIFT_EMIT_LOC_STRINGS = YES;
				SWIFT_VERSION = 5.0;
				TARGETED_DEVICE_FAMILY = "1,2";
			};
			name = Release;
		};
/* End XCBuildConfiguration section */

/* Begin XCConfigurationList section */
		E3B5ECB32D11CECE00428BEF /* Build configuration list for PBXProject "EmojiUtils" */ = {
			isa = XCConfigurationList;
			buildConfigurations = (
				E3B5ECC62D11CED100428BEF /* Debug */,
				E3B5ECC72D11CED100428BEF /* Release */,
			);
			defaultConfigurationIsVisible = 0;
			defaultConfigurationName = Release;
		};
		E3B5ECC82D11CED100428BEF /* Build configuration list for PBXNativeTarget "EmojiUtils" */ = {
			isa = XCConfigurationList;
			buildConfigurations = (
				E3B5ECC92D11CED100428BEF /* Debug */,
				E3B5ECCA2D11CED100428BEF /* Release */,
			);
			defaultConfigurationIsVisible = 0;
			defaultConfigurationName = Release;
		};
/* End XCConfigurationList section */

/* Begin XCRemoteSwiftPackageReference section */
		E31A09952D16C57E00B8CB32 /* XCRemoteSwiftPackageReference "swift-http-types" */ = {
			isa = XCRemoteSwiftPackageReference;
			repositoryURL = "https://github.com/apple/swift-http-types.git";
			requirement = {
				kind = upToNextMajorVersion;
				minimumVersion = 1.3.1;
			};
		};
/* End XCRemoteSwiftPackageReference section */

/* Begin XCSwiftPackageProductDependency section */
		E37CB5BA2D1B3D8D00F71E49 /* HTTPTypes */ = {
			isa = XCSwiftPackageProductDependency;
			package = E31A09952D16C57E00B8CB32 /* XCRemoteSwiftPackageReference "swift-http-types" */;
			productName = HTTPTypes;
		};
		E37CB5BC2D1B3D8D00F71E49 /* HTTPTypesFoundation */ = {
			isa = XCSwiftPackageProductDependency;
			package = E31A09952D16C57E00B8CB32 /* XCRemoteSwiftPackageReference "swift-http-types" */;
			productName = HTTPTypesFoundation;
		};
/* End XCSwiftPackageProductDependency section */
	};
	rootObject = E3B5ECB02D11CECE00428BEF /* Project object */;
}
